// !$*UTF8*$!
{
	archiveVersion = 1;
	classes = {
	};
	objectVersion = 77;
	objects = {

/* Begin PBXGroup section */
		A1926A6E2CB1AE5100AFDE99 = {
			isa = PBXGroup;
			children = (
			);
			sourceTree = "<group>";
		};
/* End PBXGroup section */

/* Begin PBXProject section */
		A1926A6F2CB1AE5100AFDE99 /* Project object */ = {
			isa = PBXProject;
			attributes = {
				BuildIndependentTargetsInParallel = 1;
				LastUpgradeCheck = 1600;
			};
			buildConfigurationList = A1926A722CB1AE5100AFDE99 /* Build configuration list for PBXProject "Choice Board Website" */;
			developmentRegion = en;
			hasScannedForEncodings = 0;
			knownRegions = (
				en,
				Base,
			);
			mainGroup = A1926A6E2CB1AE5100AFDE99;
			minimizedProjectReferenceProxies = 1;
			preferredProjectObjectVersion = 77;
			projectDirPath = "";
			projectRoot = "";
			targets = (
			);
		};
/* End PBXProject section */

/* Begin XCBuildConfiguration section */
		A1926A732CB1AE5100AFDE99 /* Debug */ = {
			isa = XCBuildConfiguration;
			buildSettings = {
			};
			name = Debug;
		};
		A1926A742CB1AE5100AFDE99 /* Release */ = {
			isa = XCBuildConfiguration;
			buildSettings = {
			};
			name = Release;
		};
/* End XCBuildConfiguration section */

/* Begin XCConfigurationList section */
		A1926A722CB1AE5100AFDE99 /* Build configuration list for PBXProject "Choice Board Website" */ = {
			isa = XCConfigurationList;
			buildConfigurations = (
				A1926A732CB1AE5100AFDE99 /* Debug */,
				A1926A742CB1AE5100AFDE99 /* Release */,
			);
			defaultConfigurationIsVisible = 0;
			defaultConfigurationName = Release;
		};
/* End XCConfigurationList section */
	};
	rootObject = A1926A6F2CB1AE5100AFDE99 /* Project object */;
}
